
Microsoft Visual Studio Solution File, Format Version 12.00
# Visual Studio Version 17
VisualStudioVersion = 17.4.33110.190
MinimumVisualStudioVersion = 10.0.40219.1
Project("{8BC9CEB8-8B4A-11D0-8D11-00A0C91BC942}") = "Avreg of 3 numbre", "Avreg of 3 numbre\Avreg of 3 numbre.vcxproj", "{0DDBFA21-7F22-46E1-BA58-3E33A7AA6456}"
EndProject
Global
	GlobalSection(SolutionConfigurationPlatforms) = preSolution
		Debug|x64 = Debug|x64
		Debug|x86 = Debug|x86
		Release|x64 = Release|x64
		Release|x86 = Release|x86
	EndGlobalSection
	GlobalSection(ProjectConfigurationPlatforms) = postSolution
		{0DDBFA21-7F22-46E1-BA58-3E33A7AA6456}.Debug|x64.ActiveCfg = Debug|x64
		{0DDBFA21-7F22-46E1-BA58-3E33A7AA6456}.Debug|x64.Build.0 = Debug|x64
		{0DDBFA21-7F22-46E1-BA58-3E33A7AA6456}.Debug|x86.ActiveCfg = Debug|Win32
		{0DDBFA21-7F22-46E1-BA58-3E33A7AA6456}.Debug|x86.Build.0 = Debug|Win32
		{0DDBFA21-7F22-46E1-BA58-3E33A7AA6456}.Release|x64.ActiveCfg = Release|x64
		{0DDBFA21-7F22-46E1-BA58-3E33A7AA6456}.Release|x64.Build.0 = Release|x64
		{0DDBFA21-7F22-46E1-BA58-3E33A7AA6456}.Release|x86.ActiveCfg = Release|Win32
		{0DDBFA21-7F22-46E1-BA58-3E33A7AA6456}.Release|x86.Build.0 = Release|Win32
	EndGlobalSection
	GlobalSection(SolutionProperties) = preSolution
		HideSolutionNode = FALSE
	EndGlobalSection
	GlobalSection(ExtensibilityGlobals) = postSolution
		SolutionGuid = {AAC8FED5-9BFB-48EF-B309-E7BA405F97AF}
	EndGlobalSection
EndGlobal
